// !$*UTF8*$!
{
	archiveVersion = 1;
	classes = {
	};
	objectVersion = 50;
	objects = {

/* Begin PBXBuildFile section */
		3BBCDEC210421472F7E8EDE1 /* Pods_Postcards.framework in Frameworks */ = {isa = PBXBuildFile; fileRef = 1B5BF06A4FA62222F9D1627A /* Pods_Postcards.framework */; };
		3E08539E21FBA435006BBF04 /* LocationsPage.swift in Sources */ = {isa = PBXBuildFile; fileRef = 3E08539D21FBA435006BBF04 /* LocationsPage.swift */; };
		3E0853A021FC29CD006BBF04 /* AlbumCell.swift in Sources */ = {isa = PBXBuildFile; fileRef = 3E08539F21FC29CD006BBF04 /* AlbumCell.swift */; };
		3E166AD422AF0CAF00463714 /* CarouselCell.swift in Sources */ = {isa = PBXBuildFile; fileRef = 3E166AD322AF0CAF00463714 /* CarouselCell.swift */; };
		3E19DCB221F2D2B60093AA88 /* PinterestPage.swift in Sources */ = {isa = PBXBuildFile; fileRef = 3E19DCB121F2D2B60093AA88 /* PinterestPage.swift */; };
		3E19DCB421F2D5CB0093AA88 /* PinterestLayout.swift in Sources */ = {isa = PBXBuildFile; fileRef = 3E19DCB321F2D5CB0093AA88 /* PinterestLayout.swift */; };
		3E19DCB921F2D9FC0093AA88 /* PinterestCell.swift in Sources */ = {isa = PBXBuildFile; fileRef = 3E19DCB821F2D9FC0093AA88 /* PinterestCell.swift */; };
		3E4ABF7221F02D04007D69FB /* AuthenticationPage.swift in Sources */ = {isa = PBXBuildFile; fileRef = 3E4ABF7121F02D04007D69FB /* AuthenticationPage.swift */; };
		3E5B791522AC459000A1F90D /* Anchorage.swift in Sources */ = {isa = PBXBuildFile; fileRef = 3E5B790F22AC459000A1F90D /* Anchorage.swift */; };
		3E5B791622AC459000A1F90D /* Priority.swift in Sources */ = {isa = PBXBuildFile; fileRef = 3E5B791022AC459000A1F90D /* Priority.swift */; };
		3E5B791722AC459000A1F90D /* Internal.swift in Sources */ = {isa = PBXBuildFile; fileRef = 3E5B791122AC459000A1F90D /* Internal.swift */; };
		3E5B791822AC459000A1F90D /* AnchorGroupProvider.swift in Sources */ = {isa = PBXBuildFile; fileRef = 3E5B791222AC459000A1F90D /* AnchorGroupProvider.swift */; };
		3E5B791922AC459000A1F90D /* NSLayoutAnchor+MultiplierConstraints.swift in Sources */ = {isa = PBXBuildFile; fileRef = 3E5B791322AC459000A1F90D /* NSLayoutAnchor+MultiplierConstraints.swift */; };
		3E5B791A22AC459000A1F90D /* Compatability.swift in Sources */ = {isa = PBXBuildFile; fileRef = 3E5B791422AC459000A1F90D /* Compatability.swift */; };
		3E78A58021F57AF300A9CF2C /* GradientExtension.swift in Sources */ = {isa = PBXBuildFile; fileRef = 3E78A57F21F57AF300A9CF2C /* GradientExtension.swift */; };
		3E78A58221F582CC00A9CF2C /* RoundCorners.swift in Sources */ = {isa = PBXBuildFile; fileRef = 3E78A58121F582CC00A9CF2C /* RoundCorners.swift */; };
		3EBA347421FA874D00E1EEE7 /* RootController.swift in Sources */ = {isa = PBXBuildFile; fileRef = 3EBA347321FA874D00E1EEE7 /* RootController.swift */; };
		3EBA347721FA894100E1EEE7 /* BasePage.swift in Sources */ = {isa = PBXBuildFile; fileRef = 3EBA347621FA894100E1EEE7 /* BasePage.swift */; };
		3ECD081E21FD1B0500C66319 /* AlbumDetails.swift in Sources */ = {isa = PBXBuildFile; fileRef = 3ECD081D21FD1B0500C66319 /* AlbumDetails.swift */; };
		3EED9FC121F779D00011DB35 /* GoogleService-Info.plist in Resources */ = {isa = PBXBuildFile; fileRef = 3EED9FC021F779D00011DB35 /* GoogleService-Info.plist */; };
		3EED9FC321F814840011DB35 /* GradientView.swift in Sources */ = {isa = PBXBuildFile; fileRef = 3EED9FC221F814840011DB35 /* GradientView.swift */; };
		3EF2B6B021EFD68000070540 /* AppDelegate.swift in Sources */ = {isa = PBXBuildFile; fileRef = 3EF2B6AF21EFD68000070540 /* AppDelegate.swift */; };
		3EF2B6B721EFD68100070540 /* Assets.xcassets in Resources */ = {isa = PBXBuildFile; fileRef = 3EF2B6B621EFD68100070540 /* Assets.xcassets */; };
		3EF2B6BA21EFD68100070540 /* LaunchScreen.storyboard in Resources */ = {isa = PBXBuildFile; fileRef = 3EF2B6B821EFD68100070540 /* LaunchScreen.storyboard */; };
		3EF2B6C221EFD72C00070540 /* WelcomePage.swift in Sources */ = {isa = PBXBuildFile; fileRef = 3EF2B6C121EFD72C00070540 /* WelcomePage.swift */; };
		3EF2B6C421EFD80500070540 /* ViewExtension.swift in Sources */ = {isa = PBXBuildFile; fileRef = 3EF2B6C321EFD80500070540 /* ViewExtension.swift */; };
		3EF935AD2200D5BA008BBB53 /* PostcardDetails.swift in Sources */ = {isa = PBXBuildFile; fileRef = 3EF935AC2200D5BA008BBB53 /* PostcardDetails.swift */; };
		3EF935B122012390008BBB53 /* TransitionAnimator.swift in Sources */ = {isa = PBXBuildFile; fileRef = 3EF935B022012390008BBB53 /* TransitionAnimator.swift */; };
/* End PBXBuildFile section */

/* Begin PBXFileReference section */
		1B5BF06A4FA62222F9D1627A /* Pods_Postcards.framework */ = {isa = PBXFileReference; explicitFileType = wrapper.framework; includeInIndex = 0; path = Pods_Postcards.framework; sourceTree = BUILT_PRODUCTS_DIR; };
		3E08539D21FBA435006BBF04 /* LocationsPage.swift */ = {isa = PBXFileReference; lastKnownFileType = sourcecode.swift; path = LocationsPage.swift; sourceTree = "<group>"; };
		3E08539F21FC29CD006BBF04 /* AlbumCell.swift */ = {isa = PBXFileReference; lastKnownFileType = sourcecode.swift; path = AlbumCell.swift; sourceTree = "<group>"; };
		3E166AD322AF0CAF00463714 /* CarouselCell.swift */ = {isa = PBXFileReference; lastKnownFileType = sourcecode.swift; path = CarouselCell.swift; sourceTree = "<group>"; };
		3E19DCB121F2D2B60093AA88 /* PinterestPage.swift */ = {isa = PBXFileReference; lastKnownFileType = sourcecode.swift; path = PinterestPage.swift; sourceTree = "<group>"; };
		3E19DCB321F2D5CB0093AA88 /* PinterestLayout.swift */ = {isa = PBXFileReference; fileEncoding = 4; lastKnownFileType = sourcecode.swift; path = PinterestLayout.swift; sourceTree = "<group>"; };
		3E19DCB821F2D9FC0093AA88 /* PinterestCell.swift */ = {isa = PBXFileReference; lastKnownFileType = sourcecode.swift; path = PinterestCell.swift; sourceTree = "<group>"; };
		3E4ABF7121F02D04007D69FB /* AuthenticationPage.swift */ = {isa = PBXFileReference; lastKnownFileType = sourcecode.swift; path = AuthenticationPage.swift; sourceTree = "<group>"; };
		3E5B790F22AC459000A1F90D /* Anchorage.swift */ = {isa = PBXFileReference; fileEncoding = 4; lastKnownFileType = sourcecode.swift; path = Anchorage.swift; sourceTree = "<group>"; };
		3E5B791022AC459000A1F90D /* Priority.swift */ = {isa = PBXFileReference; fileEncoding = 4; lastKnownFileType = sourcecode.swift; path = Priority.swift; sourceTree = "<group>"; };
		3E5B791122AC459000A1F90D /* Internal.swift */ = {isa = PBXFileReference; fileEncoding = 4; lastKnownFileType = sourcecode.swift; path = Internal.swift; sourceTree = "<group>"; };
		3E5B791222AC459000A1F90D /* AnchorGroupProvider.swift */ = {isa = PBXFileReference; fileEncoding = 4; lastKnownFileType = sourcecode.swift; path = AnchorGroupProvider.swift; sourceTree = "<group>"; };
		3E5B791322AC459000A1F90D /* NSLayoutAnchor+MultiplierConstraints.swift */ = {isa = PBXFileReference; fileEncoding = 4; lastKnownFileType = sourcecode.swift; path = "NSLayoutAnchor+MultiplierConstraints.swift"; sourceTree = "<group>"; };
		3E5B791422AC459000A1F90D /* Compatability.swift */ = {isa = PBXFileReference; fileEncoding = 4; lastKnownFileType = sourcecode.swift; path = Compatability.swift; sourceTree = "<group>"; };
		3E78A57F21F57AF300A9CF2C /* GradientExtension.swift */ = {isa = PBXFileReference; lastKnownFileType = sourcecode.swift; path = GradientExtension.swift; sourceTree = "<group>"; };
		3E78A58121F582CC00A9CF2C /* RoundCorners.swift */ = {isa = PBXFileReference; lastKnownFileType = sourcecode.swift; path = RoundCorners.swift; sourceTree = "<group>"; };
		3EBA347321FA874D00E1EEE7 /* RootController.swift */ = {isa = PBXFileReference; lastKnownFileType = sourcecode.swift; path = RootController.swift; sourceTree = "<group>"; };
		3EBA347621FA894100E1EEE7 /* BasePage.swift */ = {isa = PBXFileReference; lastKnownFileType = sourcecode.swift; path = BasePage.swift; sourceTree = "<group>"; };
		3ECD081D21FD1B0500C66319 /* AlbumDetails.swift */ = {isa = PBXFileReference; lastKnownFileType = sourcecode.swift; path = AlbumDetails.swift; sourceTree = "<group>"; };
		3EED9FC021F779D00011DB35 /* GoogleService-Info.plist */ = {isa = PBXFileReference; fileEncoding = 4; lastKnownFileType = text.plist.xml; path = "GoogleService-Info.plist"; sourceTree = "<group>"; };
		3EED9FC221F814840011DB35 /* GradientView.swift */ = {isa = PBXFileReference; fileEncoding = 4; lastKnownFileType = sourcecode.swift; path = GradientView.swift; sourceTree = "<group>"; };
		3EF2B6AC21EFD68000070540 /* Postcards.app */ = {isa = PBXFileReference; explicitFileType = wrapper.application; includeInIndex = 0; path = Postcards.app; sourceTree = BUILT_PRODUCTS_DIR; };
		3EF2B6AF21EFD68000070540 /* AppDelegate.swift */ = {isa = PBXFileReference; lastKnownFileType = sourcecode.swift; path = AppDelegate.swift; sourceTree = "<group>"; };
		3EF2B6B621EFD68100070540 /* Assets.xcassets */ = {isa = PBXFileReference; lastKnownFileType = folder.assetcatalog; path = Assets.xcassets; sourceTree = "<group>"; };
		3EF2B6B921EFD68100070540 /* Base */ = {isa = PBXFileReference; lastKnownFileType = file.storyboard; name = Base; path = Base.lproj/LaunchScreen.storyboard; sourceTree = "<group>"; };
		3EF2B6BB21EFD68100070540 /* Info.plist */ = {isa = PBXFileReference; lastKnownFileType = text.plist.xml; path = Info.plist; sourceTree = "<group>"; };
		3EF2B6C121EFD72C00070540 /* WelcomePage.swift */ = {isa = PBXFileReference; lastKnownFileType = sourcecode.swift; path = WelcomePage.swift; sourceTree = "<group>"; };
		3EF2B6C321EFD80500070540 /* ViewExtension.swift */ = {isa = PBXFileReference; fileEncoding = 4; lastKnownFileType = sourcecode.swift; path = ViewExtension.swift; sourceTree = "<group>"; };
		3EF935AC2200D5BA008BBB53 /* PostcardDetails.swift */ = {isa = PBXFileReference; lastKnownFileType = sourcecode.swift; path = PostcardDetails.swift; sourceTree = "<group>"; };
		3EF935B022012390008BBB53 /* TransitionAnimator.swift */ = {isa = PBXFileReference; lastKnownFileType = sourcecode.swift; path = TransitionAnimator.swift; sourceTree = "<group>"; };
		A19068A3CF679CD99F1151B5 /* Pods-Postcards.debug.xcconfig */ = {isa = PBXFileReference; includeInIndex = 1; lastKnownFileType = text.xcconfig; name = "Pods-Postcards.debug.xcconfig"; path = "Pods/Target Support Files/Pods-Postcards/Pods-Postcards.debug.xcconfig"; sourceTree = "<group>"; };
		C9C2F88B26AF128E335F0E1F /* Pods-Postcards.release.xcconfig */ = {isa = PBXFileReference; includeInIndex = 1; lastKnownFileType = text.xcconfig; name = "Pods-Postcards.release.xcconfig"; path = "Pods/Target Support Files/Pods-Postcards/Pods-Postcards.release.xcconfig"; sourceTree = "<group>"; };
/* End PBXFileReference section */

/* Begin PBXFrameworksBuildPhase section */
		3EF2B6A921EFD68000070540 /* Frameworks */ = {
			isa = PBXFrameworksBuildPhase;
			buildActionMask = 2147483647;
			files = (
				3BBCDEC210421472F7E8EDE1 /* Pods_Postcards.framework in Frameworks */,
			);
			runOnlyForDeploymentPostprocessing = 0;
		};
/* End PBXFrameworksBuildPhase section */

/* Begin PBXGroup section */
		3B3A459445B5BAF09BF61A61 /* Frameworks */ = {
			isa = PBXGroup;
			children = (
				1B5BF06A4FA62222F9D1627A /* Pods_Postcards.framework */,
			);
			name = Frameworks;
			sourceTree = "<group>";
		};
		3E08539C21FBA3E3006BBF04 /* LocationsPage */ = {
			isa = PBXGroup;
			children = (
				3E08539D21FBA435006BBF04 /* LocationsPage.swift */,
				3E08539F21FC29CD006BBF04 /* AlbumCell.swift */,
				3ECD081D21FD1B0500C66319 /* AlbumDetails.swift */,
			);
			path = LocationsPage;
			sourceTree = "<group>";
		};
		3E19DCB521F2D5D10093AA88 /* PinterestLayout */ = {
			isa = PBXGroup;
			children = (
				3E19DCB321F2D5CB0093AA88 /* PinterestLayout.swift */,
			);
			path = PinterestLayout;
			sourceTree = "<group>";
		};
		3E19DCB621F2D5E50093AA88 /* PinterestPage */ = {
			isa = PBXGroup;
			children = (
				3E19DCB121F2D2B60093AA88 /* PinterestPage.swift */,
				3E19DCB821F2D9FC0093AA88 /* PinterestCell.swift */,
				3E166AD322AF0CAF00463714 /* CarouselCell.swift */,
			);
			path = PinterestPage;
			sourceTree = "<group>";
		};
		3E19DCB721F2D6020093AA88 /* Extensions */ = {
			isa = PBXGroup;
			children = (
				3EED9FC221F814840011DB35 /* GradientView.swift */,
				3EF2B6C321EFD80500070540 /* ViewExtension.swift */,
				3E78A57F21F57AF300A9CF2C /* GradientExtension.swift */,
				3E78A58121F582CC00A9CF2C /* RoundCorners.swift */,
			);
			path = Extensions;
			sourceTree = "<group>";
		};
		3E4ABF6F21F02CD7007D69FB /* Welcome Page */ = {
			isa = PBXGroup;
			children = (
				3EF2B6C121EFD72C00070540 /* WelcomePage.swift */,
			);
			path = "Welcome Page";
			sourceTree = "<group>";
		};
		3E4ABF7021F02CE6007D69FB /* Authentication Page */ = {
			isa = PBXGroup;
			children = (
				3E4ABF7121F02D04007D69FB /* AuthenticationPage.swift */,
			);
			path = "Authentication Page";
			sourceTree = "<group>";
		};
		3E5B790E22AC459000A1F90D /* Anchorage Source */ = {
			isa = PBXGroup;
			children = (
				3E5B790F22AC459000A1F90D /* Anchorage.swift */,
				3E5B791022AC459000A1F90D /* Priority.swift */,
				3E5B791122AC459000A1F90D /* Internal.swift */,
				3E5B791222AC459000A1F90D /* AnchorGroupProvider.swift */,
				3E5B791322AC459000A1F90D /* NSLayoutAnchor+MultiplierConstraints.swift */,
				3E5B791422AC459000A1F90D /* Compatability.swift */,
			);
			path = "Anchorage Source";
			sourceTree = "<group>";
		};
		3EBA347121FA5D7100E1EEE7 /* RootController */ = {
			isa = PBXGroup;
			children = (
				3EBA347321FA874D00E1EEE7 /* RootController.swift */,
			);
			path = RootController;
			sourceTree = "<group>";
		};
		3EBA347221FA5D7E00E1EEE7 /* AppDelegate */ = {
			isa = PBXGroup;
			children = (
				3EF2B6AF21EFD68000070540 /* AppDelegate.swift */,
			);
			path = AppDelegate;
			sourceTree = "<group>";
		};
		3EBA347521FA893000E1EEE7 /* BasePage */ = {
			isa = PBXGroup;
			children = (
				3EBA347621FA894100E1EEE7 /* BasePage.swift */,
			);
			path = BasePage;
			sourceTree = "<group>";
		};
		3EF2B6A321EFD68000070540 = {
			isa = PBXGroup;
			children = (
				3EF2B6AE21EFD68000070540 /* Postcards */,
				3EF2B6AD21EFD68000070540 /* Products */,
				45C7FF767E819FDCFB66D6E3 /* Pods */,
				3B3A459445B5BAF09BF61A61 /* Frameworks */,
			);
			sourceTree = "<group>";
		};
		3EF2B6AD21EFD68000070540 /* Products */ = {
			isa = PBXGroup;
			children = (
				3EF2B6AC21EFD68000070540 /* Postcards.app */,
			);
			name = Products;
			sourceTree = "<group>";
		};
		3EF2B6AE21EFD68000070540 /* Postcards */ = {
			isa = PBXGroup;
			children = (
				3E5B790E22AC459000A1F90D /* Anchorage Source */,
				3EF935AF2201237A008BBB53 /* TransitionAnimator */,
				3EBA347221FA5D7E00E1EEE7 /* AppDelegate */,
				3EF935AE220115CB008BBB53 /* PostcardDetails */,
				3EBA347121FA5D7100E1EEE7 /* RootController */,
				3EBA347521FA893000E1EEE7 /* BasePage */,
				3E19DCB621F2D5E50093AA88 /* PinterestPage */,
				3E08539C21FBA3E3006BBF04 /* LocationsPage */,
				3E4ABF7021F02CE6007D69FB /* Authentication Page */,
				3E4ABF6F21F02CD7007D69FB /* Welcome Page */,
				3E19DCB521F2D5D10093AA88 /* PinterestLayout */,
				3E19DCB721F2D6020093AA88 /* Extensions */,
				3EED9FC021F779D00011DB35 /* GoogleService-Info.plist */,
				3EF2B6B621EFD68100070540 /* Assets.xcassets */,
				3EF2B6B821EFD68100070540 /* LaunchScreen.storyboard */,
				3EF2B6BB21EFD68100070540 /* Info.plist */,
			);
			path = Postcards;
			sourceTree = "<group>";
		};
		3EF935AE220115CB008BBB53 /* PostcardDetails */ = {
			isa = PBXGroup;
			children = (
				3EF935AC2200D5BA008BBB53 /* PostcardDetails.swift */,
			);
			path = PostcardDetails;
			sourceTree = "<group>";
		};
		3EF935AF2201237A008BBB53 /* TransitionAnimator */ = {
			isa = PBXGroup;
			children = (
				3EF935B022012390008BBB53 /* TransitionAnimator.swift */,
			);
			path = TransitionAnimator;
			sourceTree = "<group>";
		};
		45C7FF767E819FDCFB66D6E3 /* Pods */ = {
			isa = PBXGroup;
			children = (
				A19068A3CF679CD99F1151B5 /* Pods-Postcards.debug.xcconfig */,
				C9C2F88B26AF128E335F0E1F /* Pods-Postcards.release.xcconfig */,
			);
			name = Pods;
			sourceTree = "<group>";
		};
/* End PBXGroup section */

/* Begin PBXNativeTarget section */
		3EF2B6AB21EFD68000070540 /* Postcards */ = {
			isa = PBXNativeTarget;
			buildConfigurationList = 3EF2B6BE21EFD68100070540 /* Build configuration list for PBXNativeTarget "Postcards" */;
			buildPhases = (
				DD800106946BC25F32BEDD5F /* [CP] Check Pods Manifest.lock */,
				3EF2B6A821EFD68000070540 /* Sources */,
				3EF2B6A921EFD68000070540 /* Frameworks */,
				3EF2B6AA21EFD68000070540 /* Resources */,
				5BD3185B42AC47603C467CCD /* [CP] Embed Pods Frameworks */,
			);
			buildRules = (
			);
			dependencies = (
			);
			name = Postcards;
			productName = Postcards;
			productReference = 3EF2B6AC21EFD68000070540 /* Postcards.app */;
			productType = "com.apple.product-type.application";
		};
/* End PBXNativeTarget section */

/* Begin PBXProject section */
		3EF2B6A421EFD68000070540 /* Project object */ = {
			isa = PBXProject;
			attributes = {
				LastSwiftUpdateCheck = 1010;
				LastUpgradeCheck = 1010;
				ORGANIZATIONNAME = "Raul Mena";
				TargetAttributes = {
					3EF2B6AB21EFD68000070540 = {
						CreatedOnToolsVersion = 10.1;
					};
				};
			};
			buildConfigurationList = 3EF2B6A721EFD68000070540 /* Build configuration list for PBXProject "Postcards" */;
			compatibilityVersion = "Xcode 9.3";
			developmentRegion = en;
			hasScannedForEncodings = 0;
			knownRegions = (
				en,
				Base,
			);
			mainGroup = 3EF2B6A321EFD68000070540;
			productRefGroup = 3EF2B6AD21EFD68000070540 /* Products */;
			projectDirPath = "";
			projectRoot = "";
			targets = (
				3EF2B6AB21EFD68000070540 /* Postcards */,
			);
		};
/* End PBXProject section */

/* Begin PBXResourcesBuildPhase section */
		3EF2B6AA21EFD68000070540 /* Resources */ = {
			isa = PBXResourcesBuildPhase;
			buildActionMask = 2147483647;
			files = (
				3EF2B6BA21EFD68100070540 /* LaunchScreen.storyboard in Resources */,
				3EF2B6B721EFD68100070540 /* Assets.xcassets in Resources */,
				3EED9FC121F779D00011DB35 /* GoogleService-Info.plist in Resources */,
			);
			runOnlyForDeploymentPostprocessing = 0;
		};
/* End PBXResourcesBuildPhase section */

/* Begin PBXShellScriptBuildPhase section */
		5BD3185B42AC47603C467CCD /* [CP] Embed Pods Frameworks */ = {
			isa = PBXShellScriptBuildPhase;
			buildActionMask = 2147483647;
			files = (
			);
			inputFileListPaths = (
			);
			inputPaths = (
				"${SRCROOT}/Pods/Target Support Files/Pods-Postcards/Pods-Postcards-frameworks.sh",
				"${BUILT_PRODUCTS_DIR}/BoringSSL/openssl.framework",
				"${BUILT_PRODUCTS_DIR}/GTMSessionFetcher/GTMSessionFetcher.framework",
				"${BUILT_PRODUCTS_DIR}/GoogleUtilities/GoogleUtilities.framework",
				"${BUILT_PRODUCTS_DIR}/NVActivityIndicatorView/NVActivityIndicatorView.framework",
				"${BUILT_PRODUCTS_DIR}/Protobuf/Protobuf.framework",
				"${BUILT_PRODUCTS_DIR}/SDWebImage/SDWebImage.framework",
				"${BUILT_PRODUCTS_DIR}/gRPC/GRPCClient.framework",
				"${BUILT_PRODUCTS_DIR}/gRPC-C++/grpcpp.framework",
				"${BUILT_PRODUCTS_DIR}/gRPC-Core/grpc.framework",
				"${BUILT_PRODUCTS_DIR}/gRPC-ProtoRPC/ProtoRPC.framework",
				"${BUILT_PRODUCTS_DIR}/gRPC-RxLibrary/RxLibrary.framework",
				"${BUILT_PRODUCTS_DIR}/leveldb-library/leveldb.framework",
				"${BUILT_PRODUCTS_DIR}/nanopb/nanopb.framework",
			);
			name = "[CP] Embed Pods Frameworks";
			outputFileListPaths = (
			);
			outputPaths = (
				"${TARGET_BUILD_DIR}/${FRAMEWORKS_FOLDER_PATH}/openssl.framework",
				"${TARGET_BUILD_DIR}/${FRAMEWORKS_FOLDER_PATH}/GTMSessionFetcher.framework",
				"${TARGET_BUILD_DIR}/${FRAMEWORKS_FOLDER_PATH}/GoogleUtilities.framework",
				"${TARGET_BUILD_DIR}/${FRAMEWORKS_FOLDER_PATH}/NVActivityIndicatorView.framework",
				"${TARGET_BUILD_DIR}/${FRAMEWORKS_FOLDER_PATH}/Protobuf.framework",
				"${TARGET_BUILD_DIR}/${FRAMEWORKS_FOLDER_PATH}/SDWebImage.framework",
				"${TARGET_BUILD_DIR}/${FRAMEWORKS_FOLDER_PATH}/GRPCClient.framework",
				"${TARGET_BUILD_DIR}/${FRAMEWORKS_FOLDER_PATH}/grpcpp.framework",
				"${TARGET_BUILD_DIR}/${FRAMEWORKS_FOLDER_PATH}/grpc.framework",
				"${TARGET_BUILD_DIR}/${FRAMEWORKS_FOLDER_PATH}/ProtoRPC.framework",
				"${TARGET_BUILD_DIR}/${FRAMEWORKS_FOLDER_PATH}/RxLibrary.framework",
				"${TARGET_BUILD_DIR}/${FRAMEWORKS_FOLDER_PATH}/leveldb.framework",
				"${TARGET_BUILD_DIR}/${FRAMEWORKS_FOLDER_PATH}/nanopb.framework",
			);
			runOnlyForDeploymentPostprocessing = 0;
			shellPath = /bin/sh;
			shellScript = "\"${SRCROOT}/Pods/Target Support Files/Pods-Postcards/Pods-Postcards-frameworks.sh\"\n";
			showEnvVarsInLog = 0;
		};
		DD800106946BC25F32BEDD5F /* [CP] Check Pods Manifest.lock */ = {
			isa = PBXShellScriptBuildPhase;
			buildActionMask = 2147483647;
			files = (
			);
			inputFileListPaths = (
			);
			inputPaths = (
				"${PODS_PODFILE_DIR_PATH}/Podfile.lock",
				"${PODS_ROOT}/Manifest.lock",
			);
			name = "[CP] Check Pods Manifest.lock";
			outputFileListPaths = (
			);
			outputPaths = (
				"$(DERIVED_FILE_DIR)/Pods-Postcards-checkManifestLockResult.txt",
			);
			runOnlyForDeploymentPostprocessing = 0;
			shellPath = /bin/sh;
			shellScript = "diff \"${PODS_PODFILE_DIR_PATH}/Podfile.lock\" \"${PODS_ROOT}/Manifest.lock\" > /dev/null\nif [ $? != 0 ] ; then\n    # print error to STDERR\n    echo \"error: The sandbox is not in sync with the Podfile.lock. Run 'pod install' or update your CocoaPods installation.\" >&2\n    exit 1\nfi\n# This output is used by Xcode 'outputs' to avoid re-running this script phase.\necho \"SUCCESS\" > \"${SCRIPT_OUTPUT_FILE_0}\"\n";
			showEnvVarsInLog = 0;
		};
/* End PBXShellScriptBuildPhase section */

/* Begin PBXSourcesBuildPhase section */
		3EF2B6A821EFD68000070540 /* Sources */ = {
			isa = PBXSourcesBuildPhase;
			buildActionMask = 2147483647;
			files = (
				3E5B791822AC459000A1F90D /* AnchorGroupProvider.swift in Sources */,
				3E5B791A22AC459000A1F90D /* Compatability.swift in Sources */,
				3E5B791622AC459000A1F90D /* Priority.swift in Sources */,
				3E166AD422AF0CAF00463714 /* CarouselCell.swift in Sources */,
				3EF2B6C221EFD72C00070540 /* WelcomePage.swift in Sources */,
				3E78A58021F57AF300A9CF2C /* GradientExtension.swift in Sources */,
				3EED9FC321F814840011DB35 /* GradientView.swift in Sources */,
				3E0853A021FC29CD006BBF04 /* AlbumCell.swift in Sources */,
				3E19DCB221F2D2B60093AA88 /* PinterestPage.swift in Sources */,
				3E19DCB921F2D9FC0093AA88 /* PinterestCell.swift in Sources */,
				3EF935B122012390008BBB53 /* TransitionAnimator.swift in Sources */,
				3EF935AD2200D5BA008BBB53 /* PostcardDetails.swift in Sources */,
				3ECD081E21FD1B0500C66319 /* AlbumDetails.swift in Sources */,
				3EBA347721FA894100E1EEE7 /* BasePage.swift in Sources */,
				3E5B791522AC459000A1F90D /* Anchorage.swift in Sources */,
				3E4ABF7221F02D04007D69FB /* AuthenticationPage.swift in Sources */,
				3E19DCB421F2D5CB0093AA88 /* PinterestLayout.swift in Sources */,
				3E5B791922AC459000A1F90D /* NSLayoutAnchor+MultiplierConstraints.swift in Sources */,
				3EF2B6C421EFD80500070540 /* ViewExtension.swift in Sources */,
				3E08539E21FBA435006BBF04 /* LocationsPage.swift in Sources */,
				3E78A58221F582CC00A9CF2C /* RoundCorners.swift in Sources */,
				3EF2B6B021EFD68000070540 /* AppDelegate.swift in Sources */,
				3E5B791722AC459000A1F90D /* Internal.swift in Sources */,
				3EBA347421FA874D00E1EEE7 /* RootController.swift in Sources */,
			);
			runOnlyForDeploymentPostprocessing = 0;
		};
/* End PBXSourcesBuildPhase section */

/* Begin PBXVariantGroup section */
		3EF2B6B821EFD68100070540 /* LaunchScreen.storyboard */ = {
			isa = PBXVariantGroup;
			children = (
				3EF2B6B921EFD68100070540 /* Base */,
			);
			name = LaunchScreen.storyboard;
			sourceTree = "<group>";
		};
/* End PBXVariantGroup section */

/* Begin XCBuildConfiguration section */
		3EF2B6BC21EFD68100070540 /* Debug */ = {
			isa = XCBuildConfiguration;
			buildSettings = {
				ALWAYS_SEARCH_USER_PATHS = NO;
				CLANG_ANALYZER_NONNULL = YES;
				CLANG_ANALYZER_NUMBER_OBJECT_CONVERSION = YES_AGGRESSIVE;
				CLANG_CXX_LANGUAGE_STANDARD = "gnu++14";
				CLANG_CXX_LIBRARY = "libc++";
				CLANG_ENABLE_MODULES = YES;
				CLANG_ENABLE_OBJC_ARC = YES;
				CLANG_ENABLE_OBJC_WEAK = YES;
				CLANG_WARN_BLOCK_CAPTURE_AUTORELEASING = YES;
				CLANG_WARN_BOOL_CONVERSION = YES;
				CLANG_WARN_COMMA = YES;
				CLANG_WARN_CONSTANT_CONVERSION = YES;
				CLANG_WARN_DEPRECATED_OBJC_IMPLEMENTATIONS = YES;
				CLANG_WARN_DIRECT_OBJC_ISA_USAGE = YES_ERROR;
				CLANG_WARN_DOCUMENTATION_COMMENTS = YES;
				CLANG_WARN_EMPTY_BODY = YES;
				CLANG_WARN_ENUM_CONVERSION = YES;
				CLANG_WARN_INFINITE_RECURSION = YES;
				CLANG_WARN_INT_CONVERSION = YES;
				CLANG_WARN_NON_LITERAL_NULL_CONVERSION = YES;
				CLANG_WARN_OBJC_IMPLICIT_RETAIN_SELF = YES;
				CLANG_WARN_OBJC_LITERAL_CONVERSION = YES;
				CLANG_WARN_OBJC_ROOT_CLASS = YES_ERROR;
				CLANG_WARN_RANGE_LOOP_ANALYSIS = YES;
				CLANG_WARN_STRICT_PROTOTYPES = YES;
				CLANG_WARN_SUSPICIOUS_MOVE = YES;
				CLANG_WARN_UNGUARDED_AVAILABILITY = YES_AGGRESSIVE;
				CLANG_WARN_UNREACHABLE_CODE = YES;
				CLANG_WARN__DUPLICATE_METHOD_MATCH = YES;
				CODE_SIGN_IDENTITY = "iPhone Developer";
				COPY_PHASE_STRIP = NO;
				DEBUG_INFORMATION_FORMAT = dwarf;
				ENABLE_STRICT_OBJC_MSGSEND = YES;
				ENABLE_TESTABILITY = YES;
				GCC_C_LANGUAGE_STANDARD = gnu11;
				GCC_DYNAMIC_NO_PIC = NO;
				GCC_NO_COMMON_BLOCKS = YES;
				GCC_OPTIMIZATION_LEVEL = 0;
				GCC_PREPROCESSOR_DEFINITIONS = (
					"DEBUG=1",
					"$(inherited)",
				);
				GCC_WARN_64_TO_32_BIT_CONVERSION = YES;
				GCC_WARN_ABOUT_RETURN_TYPE = YES_ERROR;
				GCC_WARN_UNDECLARED_SELECTOR = YES;
				GCC_WARN_UNINITIALIZED_AUTOS = YES_AGGRESSIVE;
				GCC_WARN_UNUSED_FUNCTION = YES;
				GCC_WARN_UNUSED_VARIABLE = YES;
				IPHONEOS_DEPLOYMENT_TARGET = 12.1;
				MTL_ENABLE_DEBUG_INFO = INCLUDE_SOURCE;
				MTL_FAST_MATH = YES;
				ONLY_ACTIVE_ARCH = YES;
				SDKROOT = iphoneos;
				SWIFT_ACTIVE_COMPILATION_CONDITIONS = DEBUG;
				SWIFT_OPTIMIZATION_LEVEL = "-Onone";
			};
			name = Debug;
		};
		3EF2B6BD21EFD68100070540 /* Release */ = {
			isa = XCBuildConfiguration;
			buildSettings = {
				ALWAYS_SEARCH_USER_PATHS = NO;
				CLANG_ANALYZER_NONNULL = YES;
				CLANG_ANALYZER_NUMBER_OBJECT_CONVERSION = YES_AGGRESSIVE;
				CLANG_CXX_LANGUAGE_STANDARD = "gnu++14";
				CLANG_CXX_LIBRARY = "libc++";
				CLANG_ENABLE_MODULES = YES;
				CLANG_ENABLE_OBJC_ARC = YES;
				CLANG_ENABLE_OBJC_WEAK = YES;
				CLANG_WARN_BLOCK_CAPTURE_AUTORELEASING = YES;
				CLANG_WARN_BOOL_CONVERSION = YES;
				CLANG_WARN_COMMA = YES;
				CLANG_WARN_CONSTANT_CONVERSION = YES;
				CLANG_WARN_DEPRECATED_OBJC_IMPLEMENTATIONS = YES;
				CLANG_WARN_DIRECT_OBJC_ISA_USAGE = YES_ERROR;
				CLANG_WARN_DOCUMENTATION_COMMENTS = YES;
				CLANG_WARN_EMPTY_BODY = YES;
				CLANG_WARN_ENUM_CONVERSION = YES;
				CLANG_WARN_INFINITE_RECURSION = YES;
				CLANG_WARN_INT_CONVERSION = YES;
				CLANG_WARN_NON_LITERAL_NULL_CONVERSION = YES;
				CLANG_WARN_OBJC_IMPLICIT_RETAIN_SELF = YES;
				CLANG_WARN_OBJC_LITERAL_CONVERSION = YES;
				CLANG_WARN_OBJC_ROOT_CLASS = YES_ERROR;
				CLANG_WARN_RANGE_LOOP_ANALYSIS = YES;
				CLANG_WARN_STRICT_PROTOTYPES = YES;
				CLANG_WARN_SUSPICIOUS_MOVE = YES;
				CLANG_WARN_UNGUARDED_AVAILABILITY = YES_AGGRESSIVE;
				CLANG_WARN_UNREACHABLE_CODE = YES;
				CLANG_WARN__DUPLICATE_METHOD_MATCH = YES;
				CODE_SIGN_IDENTITY = "iPhone Developer";
				COPY_PHASE_STRIP = NO;
				DEBUG_INFORMATION_FORMAT = "dwarf-with-dsym";
				ENABLE_NS_ASSERTIONS = NO;
				ENABLE_STRICT_OBJC_MSGSEND = YES;
				GCC_C_LANGUAGE_STANDARD = gnu11;
				GCC_NO_COMMON_BLOCKS = YES;
				GCC_WARN_64_TO_32_BIT_CONVERSION = YES;
				GCC_WARN_ABOUT_RETURN_TYPE = YES_ERROR;
				GCC_WARN_UNDECLARED_SELECTOR = YES;
				GCC_WARN_UNINITIALIZED_AUTOS = YES_AGGRESSIVE;
				GCC_WARN_UNUSED_FUNCTION = YES;
				GCC_WARN_UNUSED_VARIABLE = YES;
				IPHONEOS_DEPLOYMENT_TARGET = 12.1;
				MTL_ENABLE_DEBUG_INFO = NO;
				MTL_FAST_MATH = YES;
				SDKROOT = iphoneos;
				SWIFT_COMPILATION_MODE = wholemodule;
				SWIFT_OPTIMIZATION_LEVEL = "-O";
				VALIDATE_PRODUCT = YES;
			};
			name = Release;
		};
		3EF2B6BF21EFD68100070540 /* Debug */ = {
			isa = XCBuildConfiguration;
			baseConfigurationReference = A19068A3CF679CD99F1151B5 /* Pods-Postcards.debug.xcconfig */;
			buildSettings = {
				ASSETCATALOG_COMPILER_APPICON_NAME = AppIcon;
				CODE_SIGN_STYLE = Automatic;
				DEVELOPMENT_TEAM = 74Q66W826L;
				INFOPLIST_FILE = Postcards/Info.plist;
				IPHONEOS_DEPLOYMENT_TARGET = 11.0;
				LD_RUNPATH_SEARCH_PATHS = (
					"$(inherited)",
					"@executable_path/Frameworks",
				);
				PRODUCT_BUNDLE_IDENTIFIER = com.HOME.Postcards;
				PRODUCT_NAME = "$(TARGET_NAME)";
				SWIFT_VERSION = 5.0;
				TARGETED_DEVICE_FAMILY = 1;
			};
			name = Debug;
		};
		3EF2B6C021EFD68100070540 /* Release */ = {
			isa = XCBuildConfiguration;
			baseConfigurationReference = C9C2F88B26AF128E335F0E1F /* Pods-Postcards.release.xcconfig */;
			buildSettings = {
				ASSETCATALOG_COMPILER_APPICON_NAME = AppIcon;
				CODE_SIGN_STYLE = Automatic;
				DEVELOPMENT_TEAM = 74Q66W826L;
				INFOPLIST_FILE = Postcards/Info.plist;
				IPHONEOS_DEPLOYMENT_TARGET = 11.0;
				LD_RUNPATH_SEARCH_PATHS = (
					"$(inherited)",
					"@executable_path/Frameworks",
				);
				PRODUCT_BUNDLE_IDENTIFIER = com.HOME.Postcards;
				PRODUCT_NAME = "$(TARGET_NAME)";
				SWIFT_VERSION = 5.0;
				TARGETED_DEVICE_FAMILY = 1;
			};
			name = Release;
		};
/* End XCBuildConfiguration section */

/* Begin XCConfigurationList section */
		3EF2B6A721EFD68000070540 /* Build configuration list for PBXProject "Postcards" */ = {
			isa = XCConfigurationList;
			buildConfigurations = (
				3EF2B6BC21EFD68100070540 /* Debug */,
				3EF2B6BD21EFD68100070540 /* Release */,
			);
			defaultConfigurationIsVisible = 0;
			defaultConfigurationName = Release;
		};
		3EF2B6BE21EFD68100070540 /* Build configuration list for PBXNativeTarget "Postcards" */ = {
			isa = XCConfigurationList;
			buildConfigurations = (
				3EF2B6BF21EFD68100070540 /* Debug */,
				3EF2B6C021EFD68100070540 /* Release */,
			);
			defaultConfigurationIsVisible = 0;
			defaultConfigurationName = Release;
		};
/* End XCConfigurationList section */
	};
	rootObject = 3EF2B6A421EFD68000070540 /* Project object */;
}
